
Microsoft Visual Studio Solution File, Format Version 12.00
# Visual Studio Version 16
VisualStudioVersion = 16.0.29326.143
MinimumVisualStudioVersion = 10.0.40219.1
Project("{9A19103F-16F7-4668-BE54-9A1E7A4F7556}") = "Shop.Common", "Shop.Common\Shop.Common.csproj", "{19E0666F-DB9A-4258-B370-B6C719AB3733}"
EndProject
Project("{2150E333-8FDC-42A3-9474-1A3956D46DE8}") = "Backend", "Backend", "{40C98BD2-B5F2-4D43-9060-23017B60714E}"
EndProject
Project("{2150E333-8FDC-42A3-9474-1A3956D46DE8}") = "Frontend", "Frontend", "{F5E6C851-8AB8-4922-AF97-54D3A88988EC}"
EndProject
Project("{9A19103F-16F7-4668-BE54-9A1E7A4F7556}") = "Shop.Web", "Shop.Web\Shop.Web.csproj", "{672395DD-A279-4367-8E6C-4F83CE2664DB}"
EndProject
Project("{2150E333-8FDC-42A3-9474-1A3956D46DE8}") = "Forms", "Forms", "{7C6C1414-C42D-4F9C-940C-A49B3BF9131A}"
EndProject
Project("{2150E333-8FDC-42A3-9474-1A3956D46DE8}") = "Classic", "Classic", "{49899501-E1D8-4B62-8B9E-067DEDF1E01B}"
EndProject
Project("{FAE04EC0-301F-11D3-BF4B-00C04F79EFBC}") = "Shop.UIForms.Android", "Shop.UIForms\Shop.UIForms.Android\Shop.UIForms.Android.csproj", "{A7F8A989-9198-40A4-9B40-39B60F5A15A1}"
EndProject
Project("{FAE04EC0-301F-11D3-BF4B-00C04F79EFBC}") = "Shop.UIForms.iOS", "Shop.UIForms\Shop.UIForms.iOS\Shop.UIForms.iOS.csproj", "{5415E61A-1D65-4422-9961-D63AE5D9838D}"
EndProject
Project("{9A19103F-16F7-4668-BE54-9A1E7A4F7556}") = "Shop.UIForms", "Shop.UIForms\Shop.UIForms\Shop.UIForms.csproj", "{35B02F27-3ED0-4821-9A52-8E1BD3A7925C}"
EndProject
Project("{9A19103F-16F7-4668-BE54-9A1E7A4F7556}") = "Shop.UIClassic", "Shop.UIClassic\Shop.UIClassic.csproj", "{19350C67-E7BB-4E97-B677-2C5A0534D665}"
EndProject
Project("{FAE04EC0-301F-11D3-BF4B-00C04F79EFBC}") = "Shop.UIClassicAndroid", "Shop.UIClassicAndroid\Shop.UIClassicAndroid.csproj", "{AE948413-8660-4B78-B211-5B01B8CBA63D}"
EndProject
Project("{FAE04EC0-301F-11D3-BF4B-00C04F79EFBC}") = "Shop.UIClassic.iOS", "Shop.UIClassic.iOS\Shop.UIClassic.iOS.csproj", "{E8C2641E-42B5-4754-8FF3-93CCE6A1B34B}"
EndProject
Project("{2150E333-8FDC-42A3-9474-1A3956D46DE8}") = "Solution Items", "Solution Items", "{3582F417-4A93-4D82-A1A9-899AD1799200}"
	ProjectSection(SolutionItems) = preProject
		.editorconfig = .editorconfig
	EndProjectSection
EndProject
Global
	GlobalSection(SolutionConfigurationPlatforms) = preSolution
		Debug|Any CPU = Debug|Any CPU
		Debug|iPhone = Debug|iPhone
		Debug|iPhoneSimulator = Debug|iPhoneSimulator
		Release|Any CPU = Release|Any CPU
		Release|iPhone = Release|iPhone
		Release|iPhoneSimulator = Release|iPhoneSimulator
	EndGlobalSection
	GlobalSection(ProjectConfigurationPlatforms) = postSolution
		{19E0666F-DB9A-4258-B370-B6C719AB3733}.Debug|Any CPU.ActiveCfg = Debug|Any CPU
		{19E0666F-DB9A-4258-B370-B6C719AB3733}.Debug|Any CPU.Build.0 = Debug|Any CPU
		{19E0666F-DB9A-4258-B370-B6C719AB3733}.Debug|iPhone.ActiveCfg = Debug|Any CPU
		{19E0666F-DB9A-4258-B370-B6C719AB3733}.Debug|iPhone.Build.0 = Debug|Any CPU
		{19E0666F-DB9A-4258-B370-B6C719AB3733}.Debug|iPhoneSimulator.ActiveCfg = Debug|Any CPU
		{19E0666F-DB9A-4258-B370-B6C719AB3733}.Debug|iPhoneSimulator.Build.0 = Debug|Any CPU
		{19E0666F-DB9A-4258-B370-B6C719AB3733}.Release|Any CPU.ActiveCfg = Release|Any CPU
		{19E0666F-DB9A-4258-B370-B6C719AB3733}.Release|Any CPU.Build.0 = Release|Any CPU
		{19E0666F-DB9A-4258-B370-B6C719AB3733}.Release|iPhone.ActiveCfg = Release|Any CPU
		{19E0666F-DB9A-4258-B370-B6C719AB3733}.Release|iPhone.Build.0 = Release|Any CPU
		{19E0666F-DB9A-4258-B370-B6C719AB3733}.Release|iPhoneSimulator.ActiveCfg = Release|Any CPU
		{19E0666F-DB9A-4258-B370-B6C719AB3733}.Release|iPhoneSimulator.Build.0 = Release|Any CPU
		{672395DD-A279-4367-8E6C-4F83CE2664DB}.Debug|Any CPU.ActiveCfg = Debug|Any CPU
		{672395DD-A279-4367-8E6C-4F83CE2664DB}.Debug|Any CPU.Build.0 = Debug|Any CPU
		{672395DD-A279-4367-8E6C-4F83CE2664DB}.Debug|iPhone.ActiveCfg = Debug|Any CPU
		{672395DD-A279-4367-8E6C-4F83CE2664DB}.Debug|iPhone.Build.0 = Debug|Any CPU
		{672395DD-A279-4367-8E6C-4F83CE2664DB}.Debug|iPhoneSimulator.ActiveCfg = Debug|Any CPU
		{672395DD-A279-4367-8E6C-4F83CE2664DB}.Debug|iPhoneSimulator.Build.0 = Debug|Any CPU
		{672395DD-A279-4367-8E6C-4F83CE2664DB}.Release|Any CPU.ActiveCfg = Release|Any CPU
		{672395DD-A279-4367-8E6C-4F83CE2664DB}.Release|Any CPU.Build.0 = Release|Any CPU
		{672395DD-A279-4367-8E6C-4F83CE2664DB}.Release|iPhone.ActiveCfg = Release|Any CPU
		{672395DD-A279-4367-8E6C-4F83CE2664DB}.Release|iPhone.Build.0 = Release|Any CPU
		{672395DD-A279-4367-8E6C-4F83CE2664DB}.Release|iPhoneSimulator.ActiveCfg = Release|Any CPU
		{672395DD-A279-4367-8E6C-4F83CE2664DB}.Release|iPhoneSimulator.Build.0 = Release|Any CPU
		{A7F8A989-9198-40A4-9B40-39B60F5A15A1}.Debug|Any CPU.ActiveCfg = Debug|Any CPU
		{A7F8A989-9198-40A4-9B40-39B60F5A15A1}.Debug|Any CPU.Build.0 = Debug|Any CPU
		{A7F8A989-9198-40A4-9B40-39B60F5A15A1}.Debug|Any CPU.Deploy.0 = Debug|Any CPU
		{A7F8A989-9198-40A4-9B40-39B60F5A15A1}.Debug|iPhone.ActiveCfg = Debug|Any CPU
		{A7F8A989-9198-40A4-9B40-39B60F5A15A1}.Debug|iPhone.Build.0 = Debug|Any CPU
		{A7F8A989-9198-40A4-9B40-39B60F5A15A1}.Debug|iPhone.Deploy.0 = Debug|Any CPU
		{A7F8A989-9198-40A4-9B40-39B60F5A15A1}.Debug|iPhoneSimulator.ActiveCfg = Debug|Any CPU
		{A7F8A989-9198-40A4-9B40-39B60F5A15A1}.Debug|iPhoneSimulator.Build.0 = Debug|Any CPU
		{A7F8A989-9198-40A4-9B40-39B60F5A15A1}.Debug|iPhoneSimulator.Deploy.0 = Debug|Any CPU
		{A7F8A989-9198-40A4-9B40-39B60F5A15A1}.Release|Any CPU.ActiveCfg = Release|Any CPU
		{A7F8A989-9198-40A4-9B40-39B60F5A15A1}.Release|Any CPU.Build.0 = Release|Any CPU
		{A7F8A989-9198-40A4-9B40-39B60F5A15A1}.Release|Any CPU.Deploy.0 = Release|Any CPU
		{A7F8A989-9198-40A4-9B40-39B60F5A15A1}.Release|iPhone.ActiveCfg = Release|Any CPU
		{A7F8A989-9198-40A4-9B40-39B60F5A15A1}.Release|iPhone.Build.0 = Release|Any CPU
		{A7F8A989-9198-40A4-9B40-39B60F5A15A1}.Release|iPhone.Deploy.0 = Release|Any CPU
		{A7F8A989-9198-40A4-9B40-39B60F5A15A1}.Release|iPhoneSimulator.ActiveCfg = Release|Any CPU
		{A7F8A989-9198-40A4-9B40-39B60F5A15A1}.Release|iPhoneSimulator.Build.0 = Release|Any CPU
		{A7F8A989-9198-40A4-9B40-39B60F5A15A1}.Release|iPhoneSimulator.Deploy.0 = Release|Any CPU
		{5415E61A-1D65-4422-9961-D63AE5D9838D}.Debug|Any CPU.ActiveCfg = Debug|iPhone
		{5415E61A-1D65-4422-9961-D63AE5D9838D}.Debug|iPhone.ActiveCfg = Debug|iPhone
		{5415E61A-1D65-4422-9961-D63AE5D9838D}.Debug|iPhone.Build.0 = Debug|iPhone
		{5415E61A-1D65-4422-9961-D63AE5D9838D}.Debug|iPhoneSimulator.ActiveCfg = Debug|iPhoneSimulator
		{5415E61A-1D65-4422-9961-D63AE5D9838D}.Debug|iPhoneSimulator.Build.0 = Debug|iPhoneSimulator
		{5415E61A-1D65-4422-9961-D63AE5D9838D}.Release|Any CPU.ActiveCfg = Release|iPhone
		{5415E61A-1D65-4422-9961-D63AE5D9838D}.Release|iPhone.ActiveCfg = Release|iPhone
		{5415E61A-1D65-4422-9961-D63AE5D9838D}.Release|iPhone.Build.0 = Release|iPhone
		{5415E61A-1D65-4422-9961-D63AE5D9838D}.Release|iPhoneSimulator.ActiveCfg = Release|iPhoneSimulator
		{5415E61A-1D65-4422-9961-D63AE5D9838D}.Release|iPhoneSimulator.Build.0 = Release|iPhoneSimulator
		{35B02F27-3ED0-4821-9A52-8E1BD3A7925C}.Debug|Any CPU.ActiveCfg = Debug|Any CPU
		{35B02F27-3ED0-4821-9A52-8E1BD3A7925C}.Debug|Any CPU.Build.0 = Debug|Any CPU
		{35B02F27-3ED0-4821-9A52-8E1BD3A7925C}.Debug|iPhone.ActiveCfg = Debug|Any CPU
		{35B02F27-3ED0-4821-9A52-8E1BD3A7925C}.Debug|iPhone.Build.0 = Debug|Any CPU
		{35B02F27-3ED0-4821-9A52-8E1BD3A7925C}.Debug|iPhoneSimulator.ActiveCfg = Debug|Any CPU
		{35B02F27-3ED0-4821-9A52-8E1BD3A7925C}.Debug|iPhoneSimulator.Build.0 = Debug|Any CPU
		{35B02F27-3ED0-4821-9A52-8E1BD3A7925C}.Release|Any CPU.ActiveCfg = Release|Any CPU
		{35B02F27-3ED0-4821-9A52-8E1BD3A7925C}.Release|Any CPU.Build.0 = Release|Any CPU
		{35B02F27-3ED0-4821-9A52-8E1BD3A7925C}.Release|iPhone.ActiveCfg = Release|Any CPU
		{35B02F27-3ED0-4821-9A52-8E1BD3A7925C}.Release|iPhone.Build.0 = Release|Any CPU
		{35B02F27-3ED0-4821-9A52-8E1BD3A7925C}.Release|iPhoneSimulator.ActiveCfg = Release|Any CPU
		{35B02F27-3ED0-4821-9A52-8E1BD3A7925C}.Release|iPhoneSimulator.Build.0 = Release|Any CPU
		{19350C67-E7BB-4E97-B677-2C5A0534D665}.Debug|Any CPU.ActiveCfg = Debug|Any CPU
		{19350C67-E7BB-4E97-B677-2C5A0534D665}.Debug|Any CPU.Build.0 = Debug|Any CPU
		{19350C67-E7BB-4E97-B677-2C5A0534D665}.Debug|iPhone.ActiveCfg = Debug|Any CPU
		{19350C67-E7BB-4E97-B677-2C5A0534D665}.Debug|iPhone.Build.0 = Debug|Any CPU
		{19350C67-E7BB-4E97-B677-2C5A0534D665}.Debug|iPhoneSimulator.ActiveCfg = Debug|Any CPU
		{19350C67-E7BB-4E97-B677-2C5A0534D665}.Debug|iPhoneSimulator.Build.0 = Debug|Any CPU
		{19350C67-E7BB-4E97-B677-2C5A0534D665}.Release|Any CPU.ActiveCfg = Release|Any CPU
		{19350C67-E7BB-4E97-B677-2C5A0534D665}.Release|Any CPU.Build.0 = Release|Any CPU
		{19350C67-E7BB-4E97-B677-2C5A0534D665}.Release|iPhone.ActiveCfg = Release|Any CPU
		{19350C67-E7BB-4E97-B677-2C5A0534D665}.Release|iPhone.Build.0 = Release|Any CPU
		{19350C67-E7BB-4E97-B677-2C5A0534D665}.Release|iPhoneSimulator.ActiveCfg = Release|Any CPU
		{19350C67-E7BB-4E97-B677-2C5A0534D665}.Release|iPhoneSimulator.Build.0 = Release|Any CPU
		{AE948413-8660-4B78-B211-5B01B8CBA63D}.Debug|Any CPU.ActiveCfg = Debug|Any CPU
		{AE948413-8660-4B78-B211-5B01B8CBA63D}.Debug|Any CPU.Build.0 = Debug|Any CPU
		{AE948413-8660-4B78-B211-5B01B8CBA63D}.Debug|Any CPU.Deploy.0 = Debug|Any CPU
		{AE948413-8660-4B78-B211-5B01B8CBA63D}.Debug|iPhone.ActiveCfg = Debug|Any CPU
		{AE948413-8660-4B78-B211-5B01B8CBA63D}.Debug|iPhone.Build.0 = Debug|Any CPU
		{AE948413-8660-4B78-B211-5B01B8CBA63D}.Debug|iPhone.Deploy.0 = Debug|Any CPU
		{AE948413-8660-4B78-B211-5B01B8CBA63D}.Debug|iPhoneSimulator.ActiveCfg = Debug|Any CPU
		{AE948413-8660-4B78-B211-5B01B8CBA63D}.Debug|iPhoneSimulator.Build.0 = Debug|Any CPU
		{AE948413-8660-4B78-B211-5B01B8CBA63D}.Debug|iPhoneSimulator.Deploy.0 = Debug|Any CPU
		{AE948413-8660-4B78-B211-5B01B8CBA63D}.Release|Any CPU.ActiveCfg = Release|Any CPU
		{AE948413-8660-4B78-B211-5B01B8CBA63D}.Release|Any CPU.Build.0 = Release|Any CPU
		{AE948413-8660-4B78-B211-5B01B8CBA63D}.Release|Any CPU.Deploy.0 = Release|Any CPU
		{AE948413-8660-4B78-B211-5B01B8CBA63D}.Release|iPhone.ActiveCfg = Release|Any CPU
		{AE948413-8660-4B78-B211-5B01B8CBA63D}.Release|iPhone.Build.0 = Release|Any CPU
		{AE948413-8660-4B78-B211-5B01B8CBA63D}.Release|iPhone.Deploy.0 = Release|Any CPU
		{AE948413-8660-4B78-B211-5B01B8CBA63D}.Release|iPhoneSimulator.ActiveCfg = Release|Any CPU
		{AE948413-8660-4B78-B211-5B01B8CBA63D}.Release|iPhoneSimulator.Build.0 = Release|Any CPU
		{AE948413-8660-4B78-B211-5B01B8CBA63D}.Release|iPhoneSimulator.Deploy.0 = Release|Any CPU
		{E8C2641E-42B5-4754-8FF3-93CCE6A1B34B}.Debug|Any CPU.ActiveCfg = Debug|iPhone
		{E8C2641E-42B5-4754-8FF3-93CCE6A1B34B}.Debug|iPhone.ActiveCfg = Debug|iPhone
		{E8C2641E-42B5-4754-8FF3-93CCE6A1B34B}.Debug|iPhone.Build.0 = Debug|iPhone
		{E8C2641E-42B5-4754-8FF3-93CCE6A1B34B}.Debug|iPhoneSimulator.ActiveCfg = Debug|iPhoneSimulator
		{E8C2641E-42B5-4754-8FF3-93CCE6A1B34B}.Debug|iPhoneSimulator.Build.0 = Debug|iPhoneSimulator
		{E8C2641E-42B5-4754-8FF3-93CCE6A1B34B}.Release|Any CPU.ActiveCfg = Release|iPhone
		{E8C2641E-42B5-4754-8FF3-93CCE6A1B34B}.Release|iPhone.ActiveCfg = Release|iPhone
		{E8C2641E-42B5-4754-8FF3-93CCE6A1B34B}.Release|iPhone.Build.0 = Release|iPhone
		{E8C2641E-42B5-4754-8FF3-93CCE6A1B34B}.Release|iPhoneSimulator.ActiveCfg = Release|iPhoneSimulator
		{E8C2641E-42B5-4754-8FF3-93CCE6A1B34B}.Release|iPhoneSimulator.Build.0 = Release|iPhoneSimulator
	EndGlobalSection
	GlobalSection(SolutionProperties) = preSolution
		HideSolutionNode = FALSE
	EndGlobalSection
	GlobalSection(NestedProjects) = preSolution
		{672395DD-A279-4367-8E6C-4F83CE2664DB} = {40C98BD2-B5F2-4D43-9060-23017B60714E}
		{7C6C1414-C42D-4F9C-940C-A49B3BF9131A} = {F5E6C851-8AB8-4922-AF97-54D3A88988EC}
		{49899501-E1D8-4B62-8B9E-067DEDF1E01B} = {F5E6C851-8AB8-4922-AF97-54D3A88988EC}
		{A7F8A989-9198-40A4-9B40-39B60F5A15A1} = {7C6C1414-C42D-4F9C-940C-A49B3BF9131A}
		{5415E61A-1D65-4422-9961-D63AE5D9838D} = {7C6C1414-C42D-4F9C-940C-A49B3BF9131A}
		{35B02F27-3ED0-4821-9A52-8E1BD3A7925C} = {7C6C1414-C42D-4F9C-940C-A49B3BF9131A}
		{19350C67-E7BB-4E97-B677-2C5A0534D665} = {49899501-E1D8-4B62-8B9E-067DEDF1E01B}
		{AE948413-8660-4B78-B211-5B01B8CBA63D} = {49899501-E1D8-4B62-8B9E-067DEDF1E01B}
		{E8C2641E-42B5-4754-8FF3-93CCE6A1B34B} = {49899501-E1D8-4B62-8B9E-067DEDF1E01B}
	EndGlobalSection
	GlobalSection(ExtensibilityGlobals) = postSolution
		SolutionGuid = {38279B53-0038-4172-844D-D5C8F2E2BCE4}
	EndGlobalSection
EndGlobal
